// !$*UTF8*$!
{
	archiveVersion = 1;
	classes = {
	};
	objectVersion = 77;
	objects = {

/* Begin PBXBuildFile section */
		B6005D6E2EC3757F0005FD07 /* WidgetKit.framework in Frameworks */ = {isa = PBXBuildFile; fileRef = B6005D6D2EC3757F0005FD07 /* WidgetKit.framework */; };
		B6005D702EC3757F0005FD07 /* SwiftUI.framework in Frameworks */ = {isa = PBXBuildFile; fileRef = B6005D6F2EC3757F0005FD07 /* SwiftUI.framework */; };
		B6005D7D2EC375800005FD07 /* SampleLiveActivitiesExtension.appex in Embed Foundation Extensions */ = {isa = PBXBuildFile; fileRef = B6005D6B2EC3757F0005FD07 /* SampleLiveActivitiesExtension.appex */; settings = {ATTRIBUTES = (RemoveHeadersOnCopy, ); }; };
/* End PBXBuildFile section */

/* Begin PBXContainerItemProxy section */
		B6005D7B2EC375800005FD07 /* PBXContainerItemProxy */ = {
			isa = PBXContainerItemProxy;
			containerPortal = B64543B82EC36F18003D5D61 /* Project object */;
			proxyType = 1;
			remoteGlobalIDString = B6005D6A2EC3757F0005FD07;
			remoteInfo = SampleLiveActivitiesExtension;
		};
		B64543D12EC36F19003D5D61 /* PBXContainerItemProxy */ = {
			isa = PBXContainerItemProxy;
			containerPortal = B64543B82EC36F18003D5D61 /* Project object */;
			proxyType = 1;
			remoteGlobalIDString = B64543BF2EC36F18003D5D61;
			remoteInfo = LiveActivitiesDemo;
		};
		B64543DB2EC36F19003D5D61 /* PBXContainerItemProxy */ = {
			isa = PBXContainerItemProxy;
			containerPortal = B64543B82EC36F18003D5D61 /* Project object */;
			proxyType = 1;
			remoteGlobalIDString = B64543BF2EC36F18003D5D61;
			remoteInfo = LiveActivitiesDemo;
		};
/* End PBXContainerItemProxy section */

/* Begin PBXCopyFilesBuildPhase section */
		B6005D822EC375800005FD07 /* Embed Foundation Extensions */ = {
			isa = PBXCopyFilesBuildPhase;
			buildActionMask = 2147483647;
			dstPath = "";
			dstSubfolderSpec = 13;
			files = (
				B6005D7D2EC375800005FD07 /* SampleLiveActivitiesExtension.appex in Embed Foundation Extensions */,
			);
			name = "Embed Foundation Extensions";
			runOnlyForDeploymentPostprocessing = 0;
		};
/* End PBXCopyFilesBuildPhase section */

/* Begin PBXFileReference section */
		B6005D6B2EC3757F0005FD07 /* SampleLiveActivitiesExtension.appex */ = {isa = PBXFileReference; explicitFileType = "wrapper.app-extension"; includeInIndex = 0; path = SampleLiveActivitiesExtension.appex; sourceTree = BUILT_PRODUCTS_DIR; };
		B6005D6D2EC3757F0005FD07 /* WidgetKit.framework */ = {isa = PBXFileReference; lastKnownFileType = wrapper.framework; name = WidgetKit.framework; path = System/Library/Frameworks/WidgetKit.framework; sourceTree = SDKROOT; };
		B6005D6F2EC3757F0005FD07 /* SwiftUI.framework */ = {isa = PBXFileReference; lastKnownFileType = wrapper.framework; name = SwiftUI.framework; path = System/Library/Frameworks/SwiftUI.framework; sourceTree = SDKROOT; };
		B64543C02EC36F18003D5D61 /* LiveActivitiesDemo.app */ = {isa = PBXFileReference; explicitFileType = wrapper.application; includeInIndex = 0; path = LiveActivitiesDemo.app; sourceTree = BUILT_PRODUCTS_DIR; };
		B64543D02EC36F19003D5D61 /* LiveActivitiesDemoTests.xctest */ = {isa = PBXFileReference; explicitFileType = wrapper.cfbundle; includeInIndex = 0; path = LiveActivitiesDemoTests.xctest; sourceTree = BUILT_PRODUCTS_DIR; };
		B64543DA2EC36F19003D5D61 /* LiveActivitiesDemoUITests.xctest */ = {isa = PBXFileReference; explicitFileType = wrapper.cfbundle; includeInIndex = 0; path = LiveActivitiesDemoUITests.xctest; sourceTree = BUILT_PRODUCTS_DIR; };
/* End PBXFileReference section */

/* Begin PBXFileSystemSynchronizedBuildFileExceptionSet section */
		B6005D662EC370EC0005FD07 /* Exceptions for "LiveActivitiesDemo" folder in "LiveActivitiesDemo" target */ = {
			isa = PBXFileSystemSynchronizedBuildFileExceptionSet;
			membershipExceptions = (
				Info.plist,
			);
			target = B64543BF2EC36F18003D5D61 /* LiveActivitiesDemo */;
		};
		B6005D812EC375800005FD07 /* Exceptions for "SampleLiveActivities" folder in "SampleLiveActivitiesExtension" target */ = {
			isa = PBXFileSystemSynchronizedBuildFileExceptionSet;
			membershipExceptions = (
				Info.plist,
			);
			target = B6005D6A2EC3757F0005FD07 /* SampleLiveActivitiesExtension */;
		};
/* End PBXFileSystemSynchronizedBuildFileExceptionSet section */

/* Begin PBXFileSystemSynchronizedRootGroup section */
		B6005D712EC3757F0005FD07 /* SampleLiveActivities */ = {
			isa = PBXFileSystemSynchronizedRootGroup;
			exceptions = (
				B6005D812EC375800005FD07 /* Exceptions for "SampleLiveActivities" folder in "SampleLiveActivitiesExtension" target */,
			);
			path = SampleLiveActivities;
			sourceTree = "<group>";
		};
		B64543C22EC36F18003D5D61 /* LiveActivitiesDemo */ = {
			isa = PBXFileSystemSynchronizedRootGroup;
			exceptions = (
				B6005D662EC370EC0005FD07 /* Exceptions for "LiveActivitiesDemo" folder in "LiveActivitiesDemo" target */,
			);
			path = LiveActivitiesDemo;
			sourceTree = "<group>";
		};
		B64543D32EC36F19003D5D61 /* LiveActivitiesDemoTests */ = {
			isa = PBXFileSystemSynchronizedRootGroup;
			path = LiveActivitiesDemoTests;
			sourceTree = "<group>";
		};
		B64543DD2EC36F19003D5D61 /* LiveActivitiesDemoUITests */ = {
			isa = PBXFileSystemSynchronizedRootGroup;
			path = LiveActivitiesDemoUITests;
			sourceTree = "<group>";
		};
/* End PBXFileSystemSynchronizedRootGroup section */

/* Begin PBXFrameworksBuildPhase section */
		B6005D682EC3757F0005FD07 /* Frameworks */ = {
			isa = PBXFrameworksBuildPhase;
			buildActionMask = 2147483647;
			files = (
				B6005D702EC3757F0005FD07 /* SwiftUI.framework in Frameworks */,
				B6005D6E2EC3757F0005FD07 /* WidgetKit.framework in Frameworks */,
			);
			runOnlyForDeploymentPostprocessing = 0;
		};
		B64543BD2EC36F18003D5D61 /* Frameworks */ = {
			isa = PBXFrameworksBuildPhase;
			buildActionMask = 2147483647;
			files = (
			);
			runOnlyForDeploymentPostprocessing = 0;
		};
		B64543CD2EC36F19003D5D61 /* Frameworks */ = {
			isa = PBXFrameworksBuildPhase;
			buildActionMask = 2147483647;
			files = (
			);
			runOnlyForDeploymentPostprocessing = 0;
		};
		B64543D72EC36F19003D5D61 /* Frameworks */ = {
			isa = PBXFrameworksBuildPhase;
			buildActionMask = 2147483647;
			files = (
			);
			runOnlyForDeploymentPostprocessing = 0;
		};
/* End PBXFrameworksBuildPhase section */

/* Begin PBXGroup section */
		B6005D6C2EC3757F0005FD07 /* Frameworks */ = {
			isa = PBXGroup;
			children = (
				B6005D6D2EC3757F0005FD07 /* WidgetKit.framework */,
				B6005D6F2EC3757F0005FD07 /* SwiftUI.framework */,
			);
			name = Frameworks;
			sourceTree = "<group>";
		};
		B64543B72EC36F18003D5D61 = {
			isa = PBXGroup;
			children = (
				B64543C22EC36F18003D5D61 /* LiveActivitiesDemo */,
				B64543D32EC36F19003D5D61 /* LiveActivitiesDemoTests */,
				B64543DD2EC36F19003D5D61 /* LiveActivitiesDemoUITests */,
				B6005D712EC3757F0005FD07 /* SampleLiveActivities */,
				B6005D6C2EC3757F0005FD07 /* Frameworks */,
				B64543C12EC36F18003D5D61 /* Products */,
			);
			sourceTree = "<group>";
		};
		B64543C12EC36F18003D5D61 /* Products */ = {
			isa = PBXGroup;
			children = (
				B64543C02EC36F18003D5D61 /* LiveActivitiesDemo.app */,
				B64543D02EC36F19003D5D61 /* LiveActivitiesDemoTests.xctest */,
				B64543DA2EC36F19003D5D61 /* LiveActivitiesDemoUITests.xctest */,
				B6005D6B2EC3757F0005FD07 /* SampleLiveActivitiesExtension.appex */,
			);
			name = Products;
			sourceTree = "<group>";
		};
/* End PBXGroup section */

/* Begin PBXNativeTarget section */
		B6005D6A2EC3757F0005FD07 /* SampleLiveActivitiesExtension */ = {
			isa = PBXNativeTarget;
			buildConfigurationList = B6005D7E2EC375800005FD07 /* Build configuration list for PBXNativeTarget "SampleLiveActivitiesExtension" */;
			buildPhases = (
				B6005D672EC3757F0005FD07 /* Sources */,
				B6005D682EC3757F0005FD07 /* Frameworks */,
				B6005D692EC3757F0005FD07 /* Resources */,
			);
			buildRules = (
			);
			dependencies = (
			);
			fileSystemSynchronizedGroups = (
				B6005D712EC3757F0005FD07 /* SampleLiveActivities */,
			);
			name = SampleLiveActivitiesExtension;
			packageProductDependencies = (
			);
			productName = SampleLiveActivitiesExtension;
			productReference = B6005D6B2EC3757F0005FD07 /* SampleLiveActivitiesExtension.appex */;
			productType = "com.apple.product-type.app-extension";
		};
		B64543BF2EC36F18003D5D61 /* LiveActivitiesDemo */ = {
			isa = PBXNativeTarget;
			buildConfigurationList = B64543E42EC36F19003D5D61 /* Build configuration list for PBXNativeTarget "LiveActivitiesDemo" */;
			buildPhases = (
				B64543BC2EC36F18003D5D61 /* Sources */,
				B64543BD2EC36F18003D5D61 /* Frameworks */,
				B64543BE2EC36F18003D5D61 /* Resources */,
				B6005D822EC375800005FD07 /* Embed Foundation Extensions */,
			);
			buildRules = (
			);
			dependencies = (
				B6005D7C2EC375800005FD07 /* PBXTargetDependency */,
			);
			fileSystemSynchronizedGroups = (
				B64543C22EC36F18003D5D61 /* LiveActivitiesDemo */,
			);
			name = LiveActivitiesDemo;
			packageProductDependencies = (
			);
			productName = LiveActivitiesDemo;
			productReference = B64543C02EC36F18003D5D61 /* LiveActivitiesDemo.app */;
			productType = "com.apple.product-type.application";
		};
		B64543CF2EC36F19003D5D61 /* LiveActivitiesDemoTests */ = {
			isa = PBXNativeTarget;
			buildConfigurationList = B64543E72EC36F19003D5D61 /* Build configuration list for PBXNativeTarget "LiveActivitiesDemoTests" */;
			buildPhases = (
				B64543CC2EC36F19003D5D61 /* Sources */,
				B64543CD2EC36F19003D5D61 /* Frameworks */,
				B64543CE2EC36F19003D5D61 /* Resources */,
			);
			buildRules = (
			);
			dependencies = (
				B64543D22EC36F19003D5D61 /* PBXTargetDependency */,
			);
			fileSystemSynchronizedGroups = (
				B64543D32EC36F19003D5D61 /* LiveActivitiesDemoTests */,
			);
			name = LiveActivitiesDemoTests;
			packageProductDependencies = (
			);
			productName = LiveActivitiesDemoTests;
			productReference = B64543D02EC36F19003D5D61 /* LiveActivitiesDemoTests.xctest */;
			productType = "com.apple.product-type.bundle.unit-test";
		};
		B64543D92EC36F19003D5D61 /* LiveActivitiesDemoUITests */ = {
			isa = PBXNativeTarget;
			buildConfigurationList = B64543EA2EC36F19003D5D61 /* Build configuration list for PBXNativeTarget "LiveActivitiesDemoUITests" */;
			buildPhases = (
				B64543D62EC36F19003D5D61 /* Sources */,
				B64543D72EC36F19003D5D61 /* Frameworks */,
				B64543D82EC36F19003D5D61 /* Resources */,
			);
			buildRules = (
			);
			dependencies = (
				B64543DC2EC36F19003D5D61 /* PBXTargetDependency */,
			);
			fileSystemSynchronizedGroups = (
				B64543DD2EC36F19003D5D61 /* LiveActivitiesDemoUITests */,
			);
			name = LiveActivitiesDemoUITests;
			packageProductDependencies = (
			);
			productName = LiveActivitiesDemoUITests;
			productReference = B64543DA2EC36F19003D5D61 /* LiveActivitiesDemoUITests.xctest */;
			productType = "com.apple.product-type.bundle.ui-testing";
		};
/* End PBXNativeTarget section */

/* Begin PBXProject section */
		B64543B82EC36F18003D5D61 /* Project object */ = {
			isa = PBXProject;
			attributes = {
				BuildIndependentTargetsInParallel = 1;
				LastSwiftUpdateCheck = 1620;
				LastUpgradeCheck = 1620;
				TargetAttributes = {
					B6005D6A2EC3757F0005FD07 = {
						CreatedOnToolsVersion = 16.2;
					};
					B64543BF2EC36F18003D5D61 = {
						CreatedOnToolsVersion = 16.2;
					};
					B64543CF2EC36F19003D5D61 = {
						CreatedOnToolsVersion = 16.2;
						TestTargetID = B64543BF2EC36F18003D5D61;
					};
					B64543D92EC36F19003D5D61 = {
						CreatedOnToolsVersion = 16.2;
						TestTargetID = B64543BF2EC36F18003D5D61;
					};
				};
			};
			buildConfigurationList = B64543BB2EC36F18003D5D61 /* Build configuration list for PBXProject "LiveActivitiesDemo" */;
			developmentRegion = en;
			hasScannedForEncodings = 0;
			knownRegions = (
				en,
				Base,
			);
			mainGroup = B64543B72EC36F18003D5D61;
			minimizedProjectReferenceProxies = 1;
			preferredProjectObjectVersion = 77;
			productRefGroup = B64543C12EC36F18003D5D61 /* Products */;
			projectDirPath = "";
			projectRoot = "";
			targets = (
				B64543BF2EC36F18003D5D61 /* LiveActivitiesDemo */,
				B64543CF2EC36F19003D5D61 /* LiveActivitiesDemoTests */,
				B64543D92EC36F19003D5D61 /* LiveActivitiesDemoUITests */,
				B6005D6A2EC3757F0005FD07 /* SampleLiveActivitiesExtension */,
			);
		};
/* End PBXProject section */

/* Begin PBXResourcesBuildPhase section */
		B6005D692EC3757F0005FD07 /* Resources */ = {
			isa = PBXResourcesBuildPhase;
			buildActionMask = 2147483647;
			files = (
			);
			runOnlyForDeploymentPostprocessing = 0;
		};
		B64543BE2EC36F18003D5D61 /* Resources */ = {
			isa = PBXResourcesBuildPhase;
			buildActionMask = 2147483647;
			files = (
			);
			runOnlyForDeploymentPostprocessing = 0;
		};
		B64543CE2EC36F19003D5D61 /* Resources */ = {
			isa = PBXResourcesBuildPhase;
			buildActionMask = 2147483647;
			files = (
			);
			runOnlyForDeploymentPostprocessing = 0;
		};
		B64543D82EC36F19003D5D61 /* Resources */ = {
			isa = PBXResourcesBuildPhase;
			buildActionMask = 2147483647;
			files = (
			);
			runOnlyForDeploymentPostprocessing = 0;
		};
/* End PBXResourcesBuildPhase section */

/* Begin PBXSourcesBuildPhase section */
		B6005D672EC3757F0005FD07 /* Sources */ = {
			isa = PBXSourcesBuildPhase;
			buildActionMask = 2147483647;
			files = (
			);
			runOnlyForDeploymentPostprocessing = 0;
		};
		B64543BC2EC36F18003D5D61 /* Sources */ = {
			isa = PBXSourcesBuildPhase;
			buildActionMask = 2147483647;
			files = (
			);
			runOnlyForDeploymentPostprocessing = 0;
		};
		B64543CC2EC36F19003D5D61 /* Sources */ = {
			isa = PBXSourcesBuildPhase;
			buildActionMask = 2147483647;
			files = (
			);
			runOnlyForDeploymentPostprocessing = 0;
		};
		B64543D62EC36F19003D5D61 /* Sources */ = {
			isa = PBXSourcesBuildPhase;
			buildActionMask = 2147483647;
			files = (
			);
			runOnlyForDeploymentPostprocessing = 0;
		};
/* End PBXSourcesBuildPhase section */

/* Begin PBXTargetDependency section */
		B6005D7C2EC375800005FD07 /* PBXTargetDependency */ = {
			isa = PBXTargetDependency;
			target = B6005D6A2EC3757F0005FD07 /* SampleLiveActivitiesExtension */;
			targetProxy = B6005D7B2EC375800005FD07 /* PBXContainerItemProxy */;
		};
		B64543D22EC36F19003D5D61 /* PBXTargetDependency */ = {
			isa = PBXTargetDependency;
			target = B64543BF2EC36F18003D5D61 /* LiveActivitiesDemo */;
			targetProxy = B64543D12EC36F19003D5D61 /* PBXContainerItemProxy */;
		};
		B64543DC2EC36F19003D5D61 /* PBXTargetDependency */ = {
			isa = PBXTargetDependency;
			target = B64543BF2EC36F18003D5D61 /* LiveActivitiesDemo */;
			targetProxy = B64543DB2EC36F19003D5D61 /* PBXContainerItemProxy */;
		};
/* End PBXTargetDependency section */

/* Begin XCBuildConfiguration section */
		B6005D7F2EC375800005FD07 /* Debug */ = {
			isa = XCBuildConfiguration;
			buildSettings = {
				ASSETCATALOG_COMPILER_GLOBAL_ACCENT_COLOR_NAME = AccentColor;
				ASSETCATALOG_COMPILER_WIDGET_BACKGROUND_COLOR_NAME = WidgetBackground;
				CODE_SIGN_STYLE = Automatic;
				CURRENT_PROJECT_VERSION = 1;
				DEVELOPMENT_TEAM = YB84RUQ65P;
				GENERATE_INFOPLIST_FILE = YES;
				INFOPLIST_FILE = SampleLiveActivities/Info.plist;
				INFOPLIST_KEY_CFBundleDisplayName = SampleLiveActivities;
				INFOPLIST_KEY_NSHumanReadableCopyright = "";
				IPHONEOS_DEPLOYMENT_TARGET = 16.6;
				LD_RUNPATH_SEARCH_PATHS = (
					"$(inherited)",
					"@executable_path/Frameworks",
					"@executable_path/../../Frameworks",
				);
				MARKETING_VERSION = 1.0;
				PRODUCT_BUNDLE_IDENTIFIER = tokyo.ukit.LiveActivitiesDemo.SampleLiveActivities;
				PRODUCT_NAME = "$(TARGET_NAME)";
				SKIP_INSTALL = YES;
				SWIFT_EMIT_LOC_STRINGS = YES;
				SWIFT_VERSION = 5.0;
				TARGETED_DEVICE_FAMILY = "1,2";
			};
			name = Debug;
		};
		B6005D802EC375800005FD07 /* Release */ = {
			isa = XCBuildConfiguration;
			buildSettings = {
				ASSETCATALOG_COMPILER_GLOBAL_ACCENT_COLOR_NAME = AccentColor;
				ASSETCATALOG_COMPILER_WIDGET_BACKGROUND_COLOR_NAME = WidgetBackground;
				CODE_SIGN_STYLE = Automatic;
				CURRENT_PROJECT_VERSION = 1;
				DEVELOPMENT_TEAM = YB84RUQ65P;
				GENERATE_INFOPLIST_FILE = YES;
				INFOPLIST_FILE = SampleLiveActivities/Info.plist;
				INFOPLIST_KEY_CFBundleDisplayName = SampleLiveActivities;
				INFOPLIST_KEY_NSHumanReadableCopyright = "";
				IPHONEOS_DEPLOYMENT_TARGET = 16.6;
				LD_RUNPATH_SEARCH_PATHS = (
					"$(inherited)",
					"@executable_path/Frameworks",
					"@executable_path/../../Frameworks",
				);
				MARKETING_VERSION = 1.0;
				PRODUCT_BUNDLE_IDENTIFIER = tokyo.ukit.LiveActivitiesDemo.SampleLiveActivities;
				PRODUCT_NAME = "$(TARGET_NAME)";
				SKIP_INSTALL = YES;
				SWIFT_EMIT_LOC_STRINGS = YES;
				SWIFT_VERSION = 5.0;
				TARGETED_DEVICE_FAMILY = "1,2";
			};
			name = Release;
		};
		B64543E22EC36F19003D5D61 /* Debug */ = {
			isa = XCBuildConfiguration;
			buildSettings = {
				ALWAYS_SEARCH_USER_PATHS = NO;
				ASSETCATALOG_COMPILER_GENERATE_SWIFT_ASSET_SYMBOL_EXTENSIONS = YES;
				CLANG_ANALYZER_NONNULL = YES;
				CLANG_ANALYZER_NUMBER_OBJECT_CONVERSION = YES_AGGRESSIVE;
				CLANG_CXX_LANGUAGE_STANDARD = "gnu++20";
				CLANG_ENABLE_MODULES = YES;
				CLANG_ENABLE_OBJC_ARC = YES;
				CLANG_ENABLE_OBJC_WEAK = YES;
				CLANG_WARN_BLOCK_CAPTURE_AUTORELEASING = YES;
				CLANG_WARN_BOOL_CONVERSION = YES;
				CLANG_WARN_COMMA = YES;
				CLANG_WARN_CONSTANT_CONVERSION = YES;
				CLANG_WARN_DEPRECATED_OBJC_IMPLEMENTATIONS = YES;
				CLANG_WARN_DIRECT_OBJC_ISA_USAGE = YES_ERROR;
				CLANG_WARN_DOCUMENTATION_COMMENTS = YES;
				CLANG_WARN_EMPTY_BODY = YES;
				CLANG_WARN_ENUM_CONVERSION = YES;
				CLANG_WARN_INFINITE_RECURSION = YES;
				CLANG_WARN_INT_CONVERSION = YES;
				CLANG_WARN_NON_LITERAL_NULL_CONVERSION = YES;
				CLANG_WARN_OBJC_IMPLICIT_RETAIN_SELF = YES;
				CLANG_WARN_OBJC_LITERAL_CONVERSION = YES;
				CLANG_WARN_OBJC_ROOT_CLASS = YES_ERROR;
				CLANG_WARN_QUOTED_INCLUDE_IN_FRAMEWORK_HEADER = YES;
				CLANG_WARN_RANGE_LOOP_ANALYSIS = YES;
				CLANG_WARN_STRICT_PROTOTYPES = YES;
				CLANG_WARN_SUSPICIOUS_MOVE = YES;
				CLANG_WARN_UNGUARDED_AVAILABILITY = YES_AGGRESSIVE;
				CLANG_WARN_UNREACHABLE_CODE = YES;
				CLANG_WARN__DUPLICATE_METHOD_MATCH = YES;
				COPY_PHASE_STRIP = NO;
				DEBUG_INFORMATION_FORMAT = dwarf;
				ENABLE_STRICT_OBJC_MSGSEND = YES;
				ENABLE_TESTABILITY = YES;
				ENABLE_USER_SCRIPT_SANDBOXING = YES;
				GCC_C_LANGUAGE_STANDARD = gnu17;
				GCC_DYNAMIC_NO_PIC = NO;
				GCC_NO_COMMON_BLOCKS = YES;
				GCC_OPTIMIZATION_LEVEL = 0;
				GCC_PREPROCESSOR_DEFINITIONS = (
					"DEBUG=1",
					"$(inherited)",
				);
				GCC_WARN_64_TO_32_BIT_CONVERSION = YES;
				GCC_WARN_ABOUT_RETURN_TYPE = YES_ERROR;
				GCC_WARN_UNDECLARED_SELECTOR = YES;
				GCC_WARN_UNINITIALIZED_AUTOS = YES_AGGRESSIVE;
				GCC_WARN_UNUSED_FUNCTION = YES;
				GCC_WARN_UNUSED_VARIABLE = YES;
				IPHONEOS_DEPLOYMENT_TARGET = 18.2;
				LOCALIZATION_PREFERS_STRING_CATALOGS = YES;
				MTL_ENABLE_DEBUG_INFO = INCLUDE_SOURCE;
				MTL_FAST_MATH = YES;
				ONLY_ACTIVE_ARCH = YES;
				SDKROOT = iphoneos;
				SWIFT_ACTIVE_COMPILATION_CONDITIONS = "DEBUG $(inherited)";
				SWIFT_OPTIMIZATION_LEVEL = "-Onone";
			};
			name = Debug;
		};
		B64543E32EC36F19003D5D61 /* Release */ = {
			isa = XCBuildConfiguration;
			buildSettings = {
				ALWAYS_SEARCH_USER_PATHS = NO;
				ASSETCATALOG_COMPILER_GENERATE_SWIFT_ASSET_SYMBOL_EXTENSIONS = YES;
				CLANG_ANALYZER_NONNULL = YES;
				CLANG_ANALYZER_NUMBER_OBJECT_CONVERSION = YES_AGGRESSIVE;
				CLANG_CXX_LANGUAGE_STANDARD = "gnu++20";
				CLANG_ENABLE_MODULES = YES;
				CLANG_ENABLE_OBJC_ARC = YES;
				CLANG_ENABLE_OBJC_WEAK = YES;
				CLANG_WARN_BLOCK_CAPTURE_AUTORELEASING = YES;
				CLANG_WARN_BOOL_CONVERSION = YES;
				CLANG_WARN_COMMA = YES;
				CLANG_WARN_CONSTANT_CONVERSION = YES;
				CLANG_WARN_DEPRECATED_OBJC_IMPLEMENTATIONS = YES;
				CLANG_WARN_DIRECT_OBJC_ISA_USAGE = YES_ERROR;
				CLANG_WARN_DOCUMENTATION_COMMENTS = YES;
				CLANG_WARN_EMPTY_BODY = YES;
				CLANG_WARN_ENUM_CONVERSION = YES;
				CLANG_WARN_INFINITE_RECURSION = YES;
				CLANG_WARN_INT_CONVERSION = YES;
				CLANG_WARN_NON_LITERAL_NULL_CONVERSION = YES;
				CLANG_WARN_OBJC_IMPLICIT_RETAIN_SELF = YES;
				CLANG_WARN_OBJC_LITERAL_CONVERSION = YES;
				CLANG_WARN_OBJC_ROOT_CLASS = YES_ERROR;
				CLANG_WARN_QUOTED_INCLUDE_IN_FRAMEWORK_HEADER = YES;
				CLANG_WARN_RANGE_LOOP_ANALYSIS = YES;
				CLANG_WARN_STRICT_PROTOTYPES = YES;
				CLANG_WARN_SUSPICIOUS_MOVE = YES;
				CLANG_WARN_UNGUARDED_AVAILABILITY = YES_AGGRESSIVE;
				CLANG_WARN_UNREACHABLE_CODE = YES;
				CLANG_WARN__DUPLICATE_METHOD_MATCH = YES;
				COPY_PHASE_STRIP = NO;
				DEBUG_INFORMATION_FORMAT = "dwarf-with-dsym";
				ENABLE_NS_ASSERTIONS = NO;
				ENABLE_STRICT_OBJC_MSGSEND = YES;
				ENABLE_USER_SCRIPT_SANDBOXING = YES;
				GCC_C_LANGUAGE_STANDARD = gnu17;
				GCC_NO_COMMON_BLOCKS = YES;
				GCC_WARN_64_TO_32_BIT_CONVERSION = YES;
				GCC_WARN_ABOUT_RETURN_TYPE = YES_ERROR;
				GCC_WARN_UNDECLARED_SELECTOR = YES;
				GCC_WARN_UNINITIALIZED_AUTOS = YES_AGGRESSIVE;
				GCC_WARN_UNUSED_FUNCTION = YES;
				GCC_WARN_UNUSED_VARIABLE = YES;
				IPHONEOS_DEPLOYMENT_TARGET = 18.2;
				LOCALIZATION_PREFERS_STRING_CATALOGS = YES;
				MTL_ENABLE_DEBUG_INFO = NO;
				MTL_FAST_MATH = YES;
				SDKROOT = iphoneos;
				SWIFT_COMPILATION_MODE = wholemodule;
				VALIDATE_PRODUCT = YES;
			};
			name = Release;
		};
		B64543E52EC36F19003D5D61 /* Debug */ = {
			isa = XCBuildConfiguration;
			buildSettings = {
				ASSETCATALOG_COMPILER_APPICON_NAME = AppIcon;
				ASSETCATALOG_COMPILER_GLOBAL_ACCENT_COLOR_NAME = AccentColor;
				CODE_SIGN_ENTITLEMENTS = LiveActivitiesDemo/LiveActivitiesDemo.entitlements;
				CODE_SIGN_STYLE = Automatic;
				CURRENT_PROJECT_VERSION = 1;
				DEVELOPMENT_ASSET_PATHS = "\"LiveActivitiesDemo/Preview Content\"";
				DEVELOPMENT_TEAM = YB84RUQ65P;
				ENABLE_PREVIEWS = YES;
				GENERATE_INFOPLIST_FILE = YES;
				INFOPLIST_FILE = LiveActivitiesDemo/Info.plist;
				INFOPLIST_KEY_NSSupportsLiveActivities = YES;
				INFOPLIST_KEY_UIApplicationSceneManifest_Generation = YES;
				INFOPLIST_KEY_UIApplicationSupportsIndirectInputEvents = YES;
				INFOPLIST_KEY_UILaunchScreen_Generation = YES;
				INFOPLIST_KEY_UISupportedInterfaceOrientations_iPad = "UIInterfaceOrientationPortrait UIInterfaceOrientationPortraitUpsideDown UIInterfaceOrientationLandscapeLeft UIInterfaceOrientationLandscapeRight";
				INFOPLIST_KEY_UISupportedInterfaceOrientations_iPhone = "UIInterfaceOrientationPortrait UIInterfaceOrientationLandscapeLeft UIInterfaceOrientationLandscapeRight";
				IPHONEOS_DEPLOYMENT_TARGET = 16.6;
				LD_RUNPATH_SEARCH_PATHS = (
					"$(inherited)",
					"@executable_path/Frameworks",
				);
				MARKETING_VERSION = 1.0;
				PRODUCT_BUNDLE_IDENTIFIER = tokyo.ukit.LiveActivitiesDemo;
				PRODUCT_NAME = "$(TARGET_NAME)";
				SWIFT_EMIT_LOC_STRINGS = YES;
				SWIFT_VERSION = 5.0;
				TARGETED_DEVICE_FAMILY = "1,2";
			};
			name = Debug;
		};
		B64543E62EC36F19003D5D61 /* Release */ = {
			isa = XCBuildConfiguration;
			buildSettings = {
				ASSETCATALOG_COMPILER_APPICON_NAME = AppIcon;
				ASSETCATALOG_COMPILER_GLOBAL_ACCENT_COLOR_NAME = AccentColor;
				CODE_SIGN_ENTITLEMENTS = LiveActivitiesDemo/LiveActivitiesDemo.entitlements;
				CODE_SIGN_STYLE = Automatic;
				CURRENT_PROJECT_VERSION = 1;
				DEVELOPMENT_ASSET_PATHS = "\"LiveActivitiesDemo/Preview Content\"";
				DEVELOPMENT_TEAM = YB84RUQ65P;
				ENABLE_PREVIEWS = YES;
				GENERATE_INFOPLIST_FILE = YES;
				INFOPLIST_FILE = LiveActivitiesDemo/Info.plist;
				INFOPLIST_KEY_NSSupportsLiveActivities = YES;
				INFOPLIST_KEY_UIApplicationSceneManifest_Generation = YES;
				INFOPLIST_KEY_UIApplicationSupportsIndirectInputEvents = YES;
				INFOPLIST_KEY_UILaunchScreen_Generation = YES;
				INFOPLIST_KEY_UISupportedInterfaceOrientations_iPad = "UIInterfaceOrientationPortrait UIInterfaceOrientationPortraitUpsideDown UIInterfaceOrientationLandscapeLeft UIInterfaceOrientationLandscapeRight";
				INFOPLIST_KEY_UISupportedInterfaceOrientations_iPhone = "UIInterfaceOrientationPortrait UIInterfaceOrientationLandscapeLeft UIInterfaceOrientationLandscapeRight";
				IPHONEOS_DEPLOYMENT_TARGET = 16.6;
				LD_RUNPATH_SEARCH_PATHS = (
					"$(inherited)",
					"@executable_path/Frameworks",
				);
				MARKETING_VERSION = 1.0;
				PRODUCT_BUNDLE_IDENTIFIER = tokyo.ukit.LiveActivitiesDemo;
				PRODUCT_NAME = "$(TARGET_NAME)";
				SWIFT_EMIT_LOC_STRINGS = YES;
				SWIFT_VERSION = 5.0;
				TARGETED_DEVICE_FAMILY = "1,2";
			};
			name = Release;
		};
		B64543E82EC36F19003D5D61 /* Debug */ = {
			isa = XCBuildConfiguration;
			buildSettings = {
				BUNDLE_LOADER = "$(TEST_HOST)";
				CODE_SIGN_STYLE = Automatic;
				CURRENT_PROJECT_VERSION = 1;
				DEVELOPMENT_TEAM = YB84RUQ65P;
				GENERATE_INFOPLIST_FILE = YES;
				IPHONEOS_DEPLOYMENT_TARGET = 18.2;
				MARKETING_VERSION = 1.0;
				PRODUCT_BUNDLE_IDENTIFIER = tokyo.ukit.LiveActivitiesDemoTests;
				PRODUCT_NAME = "$(TARGET_NAME)";
				SWIFT_EMIT_LOC_STRINGS = NO;
				SWIFT_VERSION = 5.0;
				TARGETED_DEVICE_FAMILY = "1,2";
				TEST_HOST = "$(BUILT_PRODUCTS_DIR)/LiveActivitiesDemo.app/$(BUNDLE_EXECUTABLE_FOLDER_PATH)/LiveActivitiesDemo";
			};
			name = Debug;
		};
		B64543E92EC36F19003D5D61 /* Release */ = {
			isa = XCBuildConfiguration;
			buildSettings = {
				BUNDLE_LOADER = "$(TEST_HOST)";
				CODE_SIGN_STYLE = Automatic;
				CURRENT_PROJECT_VERSION = 1;
				DEVELOPMENT_TEAM = YB84RUQ65P;
				GENERATE_INFOPLIST_FILE = YES;
				IPHONEOS_DEPLOYMENT_TARGET = 18.2;
				MARKETING_VERSION = 1.0;
				PRODUCT_BUNDLE_IDENTIFIER = tokyo.ukit.LiveActivitiesDemoTests;
				PRODUCT_NAME = "$(TARGET_NAME)";
				SWIFT_EMIT_LOC_STRINGS = NO;
				SWIFT_VERSION = 5.0;
				TARGETED_DEVICE_FAMILY = "1,2";
				TEST_HOST = "$(BUILT_PRODUCTS_DIR)/LiveActivitiesDemo.app/$(BUNDLE_EXECUTABLE_FOLDER_PATH)/LiveActivitiesDemo";
			};
			name = Release;
		};
		B64543EB2EC36F19003D5D61 /* Debug */ = {
			isa = XCBuildConfiguration;
			buildSettings = {
				CODE_SIGN_STYLE = Automatic;
				CURRENT_PROJECT_VERSION = 1;
				DEVELOPMENT_TEAM = YB84RUQ65P;
				GENERATE_INFOPLIST_FILE = YES;
				MARKETING_VERSION = 1.0;
				PRODUCT_BUNDLE_IDENTIFIER = tokyo.ukit.LiveActivitiesDemoUITests;
				PRODUCT_NAME = "$(TARGET_NAME)";
				SWIFT_EMIT_LOC_STRINGS = NO;
				SWIFT_VERSION = 5.0;
				TARGETED_DEVICE_FAMILY = "1,2";
				TEST_TARGET_NAME = LiveActivitiesDemo;
			};
			name = Debug;
		};
		B64543EC2EC36F19003D5D61 /* Release */ = {
			isa = XCBuildConfiguration;
			buildSettings = {
				CODE_SIGN_STYLE = Automatic;
				CURRENT_PROJECT_VERSION = 1;
				DEVELOPMENT_TEAM = YB84RUQ65P;
				GENERATE_INFOPLIST_FILE = YES;
				MARKETING_VERSION = 1.0;
				PRODUCT_BUNDLE_IDENTIFIER = tokyo.ukit.LiveActivitiesDemoUITests;
				PRODUCT_NAME = "$(TARGET_NAME)";
				SWIFT_EMIT_LOC_STRINGS = NO;
				SWIFT_VERSION = 5.0;
				TARGETED_DEVICE_FAMILY = "1,2";
				TEST_TARGET_NAME = LiveActivitiesDemo;
			};
			name = Release;
		};
/* End XCBuildConfiguration section */

/* Begin XCConfigurationList section */
		B6005D7E2EC375800005FD07 /* Build configuration list for PBXNativeTarget "SampleLiveActivitiesExtension" */ = {
			isa = XCConfigurationList;
			buildConfigurations = (
				B6005D7F2EC375800005FD07 /* Debug */,
				B6005D802EC375800005FD07 /* Release */,
			);
			defaultConfigurationIsVisible = 0;
			defaultConfigurationName = Release;
		};
		B64543BB2EC36F18003D5D61 /* Build configuration list for PBXProject "LiveActivitiesDemo" */ = {
			isa = XCConfigurationList;
			buildConfigurations = (
				B64543E22EC36F19003D5D61 /* Debug */,
				B64543E32EC36F19003D5D61 /* Release */,
			);
			defaultConfigurationIsVisible = 0;
			defaultConfigurationName = Release;
		};
		B64543E42EC36F19003D5D61 /* Build configuration list for PBXNativeTarget "LiveActivitiesDemo" */ = {
			isa = XCConfigurationList;
			buildConfigurations = (
				B64543E52EC36F19003D5D61 /* Debug */,
				B64543E62EC36F19003D5D61 /* Release */,
			);
			defaultConfigurationIsVisible = 0;
			defaultConfigurationName = Release;
		};
		B64543E72EC36F19003D5D61 /* Build configuration list for PBXNativeTarget "LiveActivitiesDemoTests" */ = {
			isa = XCConfigurationList;
			buildConfigurations = (
				B64543E82EC36F19003D5D61 /* Debug */,
				B64543E92EC36F19003D5D61 /* Release */,
			);
			defaultConfigurationIsVisible = 0;
			defaultConfigurationName = Release;
		};
		B64543EA2EC36F19003D5D61 /* Build configuration list for PBXNativeTarget "LiveActivitiesDemoUITests" */ = {
			isa = XCConfigurationList;
			buildConfigurations = (
				B64543EB2EC36F19003D5D61 /* Debug */,
				B64543EC2EC36F19003D5D61 /* Release */,
			);
			defaultConfigurationIsVisible = 0;
			defaultConfigurationName = Release;
		};
/* End XCConfigurationList section */
	};
	rootObject = B64543B82EC36F18003D5D61 /* Project object */;
}
